
Microsoft Visual Studio Solution File, Format Version 12.00
# Visual Studio Version 17
VisualStudioVersion = 17.6.33815.320
MinimumVisualStudioVersion = 10.0.40219.1
Project("{FAE04EC0-301F-11D3-BF4B-00C04F79EFBC}") = "BAD task", "BAD task.csproj", "{8C5F23E6-26F2-472C-A132-08332B9F802C}"
EndProject
Global
	GlobalSection(SolutionConfigurationPlatforms) = preSolution
		Debug|Any CPU = Debug|Any CPU
		Release|Any CPU = Release|Any CPU
	EndGlobalSection
	GlobalSection(ProjectConfigurationPlatforms) = postSolution
		{8C5F23E6-26F2-472C-A132-08332B9F802C}.Debug|Any CPU.ActiveCfg = Debug|Any CPU
		{8C5F23E6-26F2-472C-A132-08332B9F802C}.Debug|Any CPU.Build.0 = Debug|Any CPU
		{8C5F23E6-26F2-472C-A132-08332B9F802C}.Release|Any CPU.ActiveCfg = Release|Any CPU
		{8C5F23E6-26F2-472C-A132-08332B9F802C}.Release|Any CPU.Build.0 = Release|Any CPU
	EndGlobalSection
	GlobalSection(SolutionProperties) = preSolution
		HideSolutionNode = FALSE
	EndGlobalSection
	GlobalSection(ExtensibilityGlobals) = postSolution
		SolutionGuid = {61D2F265-63B0-45B9-9C3F-78D11AF22FAE}
	EndGlobalSection
EndGlobal
